
Microsoft Visual Studio Solution File, Format Version 12.00
# Visual Studio Version 17
VisualStudioVersion = 17.4.33213.308
MinimumVisualStudioVersion = 10.0.40219.1
Project("{FAE04EC0-301F-11D3-BF4B-00C04F79EFBC}") = "KisiselWebSitesi", "KisiselWebSitesi\KisiselWebSitesi.csproj", "{DE9DAFE4-3B10-4041-ACDB-8D334A339138}"
EndProject
Global
	GlobalSection(SolutionConfigurationPlatforms) = preSolution
		Debug|Any CPU = Debug|Any CPU
		Release|Any CPU = Release|Any CPU
	EndGlobalSection
	GlobalSection(ProjectConfigurationPlatforms) = postSolution
		{DE9DAFE4-3B10-4041-ACDB-8D334A339138}.Debug|Any CPU.ActiveCfg = Debug|Any CPU
		{DE9DAFE4-3B10-4041-ACDB-8D334A339138}.Debug|Any CPU.Build.0 = Debug|Any CPU
		{DE9DAFE4-3B10-4041-ACDB-8D334A339138}.Release|Any CPU.ActiveCfg = Release|Any CPU
		{DE9DAFE4-3B10-4041-ACDB-8D334A339138}.Release|Any CPU.Build.0 = Release|Any CPU
	EndGlobalSection
	GlobalSection(SolutionProperties) = preSolution
		HideSolutionNode = FALSE
	EndGlobalSection
	GlobalSection(ExtensibilityGlobals) = postSolution
		SolutionGuid = {30DD1B72-9E18-4D37-BE19-B5972412300E}
	EndGlobalSection
EndGlobal
